# THIS IS AN AUTOGENERATED FILE. DO NOT EDIT THIS FILE DIRECTLY.
# yarn lockfile v1


govuk-frontend@^3.4.0:
  version "3.6.0"
  resolved "https://registry.yarnpkg.com/govuk-frontend/-/govuk-frontend-3.6.0.tgz#f0d1e6ec3c0eb33616adfdff28ff778fe518d085"
  integrity sha512-wTxufdY8vFvKJ2EmmQKmarrQ7n30kzg+vvqgGib2dawl7c5Wst8dffkEJQpy9Zs99TE/yEEFgj0VUO4GRUO22A==

is-plain-object@^2.0.4:
  version "2.0.4"
  resolved "https://registry.yarnpkg.com/is-plain-object/-/is-plain-object-2.0.4.tgz#2c163b3fafb1b606d9d17928f05c2a1c38e07677"
  integrity sha512-h5PpgXkWitc38BBMYawTYMWJHFZJVnBquFE57xFpjB8pJFiF6gZ+bU+WyI/yqXiFR5mdLsgYNaPe8uao6Uv9Og==
  dependencies:
    isobject "^3.0.1"

isobject@^3.0.1:
  version "3.0.1"
  resolved "https://registry.yarnpkg.com/isobject/-/isobject-3.0.1.tgz#4e431e92b11a9731636aa1f9c8d1ccbcfdab78df"
  integrity sha1-TkMekrEalzFjaqH5yNHMvP2reN8=

rails-ujs@^5.2.4:
  version "5.2.4"
  resolved "https://registry.yarnpkg.com/rails-ujs/-/rails-ujs-5.2.4.tgz#31056ccd62d868f7d044395f31d77a4440550ceb"
  integrity sha512-Mzu6bnTBKn4IuJvP7BDJRy4lzvR1zMWVDeTdPwDubXBfxpFEKqwOi5Nb6tfE2SYtTd+bb3PRETf40I94jgKw3w==

set-value@^3.0.1:
  version "3.0.1"
  resolved "https://registry.yarnpkg.com/set-value/-/set-value-3.0.1.tgz#52c82af7653ba69eb1db92e81f5cdb32739b9e95"
  integrity sha512-w6n3GUPYAWQj4ZyHWzD7K2FnFXHx9OTwJYbWg+6nXjG8sCLfs9DGv+KlqglKIIJx+ks7MlFuwFW2RBPb+8V+xg==
  dependencies:
    is-plain-object "^2.0.4"
